
Microsoft Visual Studio Solution File, Format Version 12.00
# Visual Studio Version 17
VisualStudioVersion = 17.10.34916.146
MinimumVisualStudioVersion = 10.0.40219.1
Project("{888888A0-9F3D-457C-B088-3A5042F75D52}") = "PythonRestApi", "PythonRestApi.pyproj", "{9C80F716-BD91-4F56-815A-9BEE67C8FF80}"
EndProject
Global
	GlobalSection(SolutionConfigurationPlatforms) = preSolution
		Debug|Any CPU = Debug|Any CPU
		Release|Any CPU = Release|Any CPU
	EndGlobalSection
	GlobalSection(ProjectConfigurationPlatforms) = postSolution
		{9C80F716-BD91-4F56-815A-9BEE67C8FF80}.Debug|Any CPU.ActiveCfg = Debug|Any CPU
		{9C80F716-BD91-4F56-815A-9BEE67C8FF80}.Release|Any CPU.ActiveCfg = Release|Any CPU
	EndGlobalSection
	GlobalSection(SolutionProperties) = preSolution
		HideSolutionNode = FALSE
	EndGlobalSection
	GlobalSection(ExtensibilityGlobals) = postSolution
		SolutionGuid = {8D43935F-7E0D-4B07-B3DD-C3F282063928}
	EndGlobalSection
EndGlobal
